
Microsoft Visual Studio Solution File, Format Version 12.00
# Visual Studio Version 17
VisualStudioVersion = 17.4.33205.214
MinimumVisualStudioVersion = 10.0.40219.1
Project("{FAE04EC0-301F-11D3-BF4B-00C04F79EFBC}") = "QuestionMark", "QuestionMark\QuestionMark.csproj", "{CD53EDCA-33E4-4FE6-A962-A6407757F632}"
EndProject
Project("{FAE04EC0-301F-11D3-BF4B-00C04F79EFBC}") = "DemoCs", "..\DemoCs\DemoCs.csproj", "{52B9ED49-1543-42C0-8C07-1CF29AE3FA8C}"
EndProject
Global
	GlobalSection(SolutionConfigurationPlatforms) = preSolution
		Debug|Any CPU = Debug|Any CPU
		Release|Any CPU = Release|Any CPU
	EndGlobalSection
	GlobalSection(ProjectConfigurationPlatforms) = postSolution
		{CD53EDCA-33E4-4FE6-A962-A6407757F632}.Debug|Any CPU.ActiveCfg = Debug|Any CPU
		{CD53EDCA-33E4-4FE6-A962-A6407757F632}.Debug|Any CPU.Build.0 = Debug|Any CPU
		{CD53EDCA-33E4-4FE6-A962-A6407757F632}.Release|Any CPU.ActiveCfg = Release|Any CPU
		{CD53EDCA-33E4-4FE6-A962-A6407757F632}.Release|Any CPU.Build.0 = Release|Any CPU
		{52B9ED49-1543-42C0-8C07-1CF29AE3FA8C}.Debug|Any CPU.ActiveCfg = Debug|Any CPU
		{52B9ED49-1543-42C0-8C07-1CF29AE3FA8C}.Debug|Any CPU.Build.0 = Debug|Any CPU
		{52B9ED49-1543-42C0-8C07-1CF29AE3FA8C}.Release|Any CPU.ActiveCfg = Release|Any CPU
		{52B9ED49-1543-42C0-8C07-1CF29AE3FA8C}.Release|Any CPU.Build.0 = Release|Any CPU
	EndGlobalSection
	GlobalSection(SolutionProperties) = preSolution
		HideSolutionNode = FALSE
	EndGlobalSection
	GlobalSection(ExtensibilityGlobals) = postSolution
		SolutionGuid = {E5F316E2-DF4D-44A6-822E-3B06B01BE3EB}
	EndGlobalSection
EndGlobal
