
Microsoft Visual Studio Solution File, Format Version 12.00
# Visual Studio Version 17
VisualStudioVersion = 17.4.33205.214
MinimumVisualStudioVersion = 10.0.40219.1
Project("{9A19103F-16F7-4668-BE54-9A1E7A4F7556}") = "DemoCs", "DemoCs\DemoCs.csproj", "{1BF6B5C8-F927-4919-90C0-4884E602C3E9}"
EndProject
Project("{9A19103F-16F7-4668-BE54-9A1E7A4F7556}") = "Switchcase", "Switchcase\Switchcase.csproj", "{E8B8D6EB-886D-41B4-8F3B-7936F36D8369}"
EndProject
Project("{9A19103F-16F7-4668-BE54-9A1E7A4F7556}") = "ForIfWhite", "ForIfWhite\ForIfWhite.csproj", "{9007FC4F-9988-4406-A4A1-F1F62EBFE807}"
EndProject
Project("{9A19103F-16F7-4668-BE54-9A1E7A4F7556}") = "RegexTryParse", "RegexTryParse\RegexTryParse.csproj", "{AE6AC503-E58A-49B4-A78A-D32D7B772E3F}"
EndProject
Project("{9A19103F-16F7-4668-BE54-9A1E7A4F7556}") = "PartiaClass", "PartiaClass\PartiaClass.csproj", "{E4FAF755-8639-4D08-B5AF-F737EF5F76DD}"
EndProject
Project("{9A19103F-16F7-4668-BE54-9A1E7A4F7556}") = "ArgumentAndParams", "ArgumentAndParams\ArgumentAndParams.csproj", "{A49B6093-E569-4BAE-A070-6C328074D428}"
EndProject
Project("{9A19103F-16F7-4668-BE54-9A1E7A4F7556}") = "OopAbstraction", "OopAbstraction\OopAbstraction.csproj", "{D382A8FD-4283-4858-B812-8E5BCDF8A68D}"
EndProject
Project("{9A19103F-16F7-4668-BE54-9A1E7A4F7556}") = "OopEncapsulation", "OopEncapsulation\OopEncapsulation.csproj", "{344EF331-8B02-47F9-AD60-12CC88925461}"
EndProject
Project("{9A19103F-16F7-4668-BE54-9A1E7A4F7556}") = "OopEncapsulationCont", "OopEncapsulationCont\OopEncapsulationCont.csproj", "{024FD033-EE19-4F7F-BA46-D2CCCB18FBCD}"
EndProject
Project("{9A19103F-16F7-4668-BE54-9A1E7A4F7556}") = "OopPolymorphism", "OopPolymorphism\OopPolymorphism.csproj", "{847663AA-5E90-423C-95F5-1D41B1CC306A}"
EndProject
Project("{9A19103F-16F7-4668-BE54-9A1E7A4F7556}") = "OopPolymorphismOverited", "OopPolymorphismOverited\OopPolymorphismOverited.csproj", "{8F89B1F5-E346-4DE0-BC9A-059EEE74DA2D}"
EndProject
Project("{9A19103F-16F7-4668-BE54-9A1E7A4F7556}") = "OopPolymorphsmInterface", "OopPolymorphsmInterface\OopPolymorphsmInterface.csproj", "{5D1D7E6D-6A2F-4FB6-BE45-D6643396A493}"
EndProject
Project("{9A19103F-16F7-4668-BE54-9A1E7A4F7556}") = "ExtentionMethod", "ExlotionMethod\ExtentionMethod.csproj", "{ABC70263-D75C-49B2-8FDB-23CE1BC4EC09}"
EndProject
Project("{9A19103F-16F7-4668-BE54-9A1E7A4F7556}") = "ListAndLinQ", "ListAndLinQ\ListAndLinQ.csproj", "{0C87C210-943B-42E6-8ED1-34D7F202078E}"
EndProject
Project("{FAE04EC0-301F-11D3-BF4B-00C04F79EFBC}") = "Quanly", "QuanlyNv\Quanly.csproj", "{B68A772A-E991-449B-943B-6496AE869BC5}"
EndProject
Global
	GlobalSection(SolutionConfigurationPlatforms) = preSolution
		Debug|Any CPU = Debug|Any CPU
		Release|Any CPU = Release|Any CPU
	EndGlobalSection
	GlobalSection(ProjectConfigurationPlatforms) = postSolution
		{1BF6B5C8-F927-4919-90C0-4884E602C3E9}.Debug|Any CPU.ActiveCfg = Debug|Any CPU
		{1BF6B5C8-F927-4919-90C0-4884E602C3E9}.Debug|Any CPU.Build.0 = Debug|Any CPU
		{1BF6B5C8-F927-4919-90C0-4884E602C3E9}.Release|Any CPU.ActiveCfg = Release|Any CPU
		{1BF6B5C8-F927-4919-90C0-4884E602C3E9}.Release|Any CPU.Build.0 = Release|Any CPU
		{E8B8D6EB-886D-41B4-8F3B-7936F36D8369}.Debug|Any CPU.ActiveCfg = Debug|Any CPU
		{E8B8D6EB-886D-41B4-8F3B-7936F36D8369}.Debug|Any CPU.Build.0 = Debug|Any CPU
		{E8B8D6EB-886D-41B4-8F3B-7936F36D8369}.Release|Any CPU.ActiveCfg = Release|Any CPU
		{E8B8D6EB-886D-41B4-8F3B-7936F36D8369}.Release|Any CPU.Build.0 = Release|Any CPU
		{9007FC4F-9988-4406-A4A1-F1F62EBFE807}.Debug|Any CPU.ActiveCfg = Debug|Any CPU
		{9007FC4F-9988-4406-A4A1-F1F62EBFE807}.Debug|Any CPU.Build.0 = Debug|Any CPU
		{9007FC4F-9988-4406-A4A1-F1F62EBFE807}.Release|Any CPU.ActiveCfg = Release|Any CPU
		{9007FC4F-9988-4406-A4A1-F1F62EBFE807}.Release|Any CPU.Build.0 = Release|Any CPU
		{AE6AC503-E58A-49B4-A78A-D32D7B772E3F}.Debug|Any CPU.ActiveCfg = Debug|Any CPU
		{AE6AC503-E58A-49B4-A78A-D32D7B772E3F}.Debug|Any CPU.Build.0 = Debug|Any CPU
		{AE6AC503-E58A-49B4-A78A-D32D7B772E3F}.Release|Any CPU.ActiveCfg = Release|Any CPU
		{AE6AC503-E58A-49B4-A78A-D32D7B772E3F}.Release|Any CPU.Build.0 = Release|Any CPU
		{E4FAF755-8639-4D08-B5AF-F737EF5F76DD}.Debug|Any CPU.ActiveCfg = Debug|Any CPU
		{E4FAF755-8639-4D08-B5AF-F737EF5F76DD}.Debug|Any CPU.Build.0 = Debug|Any CPU
		{E4FAF755-8639-4D08-B5AF-F737EF5F76DD}.Release|Any CPU.ActiveCfg = Release|Any CPU
		{E4FAF755-8639-4D08-B5AF-F737EF5F76DD}.Release|Any CPU.Build.0 = Release|Any CPU
		{A49B6093-E569-4BAE-A070-6C328074D428}.Debug|Any CPU.ActiveCfg = Debug|Any CPU
		{A49B6093-E569-4BAE-A070-6C328074D428}.Debug|Any CPU.Build.0 = Debug|Any CPU
		{A49B6093-E569-4BAE-A070-6C328074D428}.Release|Any CPU.ActiveCfg = Release|Any CPU
		{A49B6093-E569-4BAE-A070-6C328074D428}.Release|Any CPU.Build.0 = Release|Any CPU
		{D382A8FD-4283-4858-B812-8E5BCDF8A68D}.Debug|Any CPU.ActiveCfg = Debug|Any CPU
		{D382A8FD-4283-4858-B812-8E5BCDF8A68D}.Debug|Any CPU.Build.0 = Debug|Any CPU
		{D382A8FD-4283-4858-B812-8E5BCDF8A68D}.Release|Any CPU.ActiveCfg = Release|Any CPU
		{D382A8FD-4283-4858-B812-8E5BCDF8A68D}.Release|Any CPU.Build.0 = Release|Any CPU
		{344EF331-8B02-47F9-AD60-12CC88925461}.Debug|Any CPU.ActiveCfg = Debug|Any CPU
		{344EF331-8B02-47F9-AD60-12CC88925461}.Debug|Any CPU.Build.0 = Debug|Any CPU
		{344EF331-8B02-47F9-AD60-12CC88925461}.Release|Any CPU.ActiveCfg = Release|Any CPU
		{344EF331-8B02-47F9-AD60-12CC88925461}.Release|Any CPU.Build.0 = Release|Any CPU
		{024FD033-EE19-4F7F-BA46-D2CCCB18FBCD}.Debug|Any CPU.ActiveCfg = Debug|Any CPU
		{024FD033-EE19-4F7F-BA46-D2CCCB18FBCD}.Debug|Any CPU.Build.0 = Debug|Any CPU
		{024FD033-EE19-4F7F-BA46-D2CCCB18FBCD}.Release|Any CPU.ActiveCfg = Release|Any CPU
		{024FD033-EE19-4F7F-BA46-D2CCCB18FBCD}.Release|Any CPU.Build.0 = Release|Any CPU
		{847663AA-5E90-423C-95F5-1D41B1CC306A}.Debug|Any CPU.ActiveCfg = Debug|Any CPU
		{847663AA-5E90-423C-95F5-1D41B1CC306A}.Debug|Any CPU.Build.0 = Debug|Any CPU
		{847663AA-5E90-423C-95F5-1D41B1CC306A}.Release|Any CPU.ActiveCfg = Release|Any CPU
		{847663AA-5E90-423C-95F5-1D41B1CC306A}.Release|Any CPU.Build.0 = Release|Any CPU
		{8F89B1F5-E346-4DE0-BC9A-059EEE74DA2D}.Debug|Any CPU.ActiveCfg = Debug|Any CPU
		{8F89B1F5-E346-4DE0-BC9A-059EEE74DA2D}.Debug|Any CPU.Build.0 = Debug|Any CPU
		{8F89B1F5-E346-4DE0-BC9A-059EEE74DA2D}.Release|Any CPU.ActiveCfg = Release|Any CPU
		{8F89B1F5-E346-4DE0-BC9A-059EEE74DA2D}.Release|Any CPU.Build.0 = Release|Any CPU
		{5D1D7E6D-6A2F-4FB6-BE45-D6643396A493}.Debug|Any CPU.ActiveCfg = Debug|Any CPU
		{5D1D7E6D-6A2F-4FB6-BE45-D6643396A493}.Debug|Any CPU.Build.0 = Debug|Any CPU
		{5D1D7E6D-6A2F-4FB6-BE45-D6643396A493}.Release|Any CPU.ActiveCfg = Release|Any CPU
		{5D1D7E6D-6A2F-4FB6-BE45-D6643396A493}.Release|Any CPU.Build.0 = Release|Any CPU
		{ABC70263-D75C-49B2-8FDB-23CE1BC4EC09}.Debug|Any CPU.ActiveCfg = Debug|Any CPU
		{ABC70263-D75C-49B2-8FDB-23CE1BC4EC09}.Debug|Any CPU.Build.0 = Debug|Any CPU
		{ABC70263-D75C-49B2-8FDB-23CE1BC4EC09}.Release|Any CPU.ActiveCfg = Release|Any CPU
		{ABC70263-D75C-49B2-8FDB-23CE1BC4EC09}.Release|Any CPU.Build.0 = Release|Any CPU
		{0C87C210-943B-42E6-8ED1-34D7F202078E}.Debug|Any CPU.ActiveCfg = Debug|Any CPU
		{0C87C210-943B-42E6-8ED1-34D7F202078E}.Debug|Any CPU.Build.0 = Debug|Any CPU
		{0C87C210-943B-42E6-8ED1-34D7F202078E}.Release|Any CPU.ActiveCfg = Release|Any CPU
		{0C87C210-943B-42E6-8ED1-34D7F202078E}.Release|Any CPU.Build.0 = Release|Any CPU
		{B68A772A-E991-449B-943B-6496AE869BC5}.Debug|Any CPU.ActiveCfg = Debug|Any CPU
		{B68A772A-E991-449B-943B-6496AE869BC5}.Debug|Any CPU.Build.0 = Debug|Any CPU
		{B68A772A-E991-449B-943B-6496AE869BC5}.Release|Any CPU.ActiveCfg = Release|Any CPU
		{B68A772A-E991-449B-943B-6496AE869BC5}.Release|Any CPU.Build.0 = Release|Any CPU
	EndGlobalSection
	GlobalSection(SolutionProperties) = preSolution
		HideSolutionNode = FALSE
	EndGlobalSection
	GlobalSection(ExtensibilityGlobals) = postSolution
		SolutionGuid = {1C3F2BD2-4FBD-4BA2-B45F-5A2423E1C791}
	EndGlobalSection
EndGlobal
